
Microsoft Visual Studio Solution File, Format Version 12.00
# Visual Studio Version 17
VisualStudioVersion = 17.9.34616.47
MinimumVisualStudioVersion = 10.0.40219.1
Project("{FAE04EC0-301F-11D3-BF4B-00C04F79EFBC}") = "OC_Express_Voitures", "OC_Express_Voitures.csproj", "{ED27759F-6DB6-44DE-BEB4-1A2C80F31B66}"
EndProject
Global
	GlobalSection(SolutionConfigurationPlatforms) = preSolution
		Debug|Any CPU = Debug|Any CPU
		Release|Any CPU = Release|Any CPU
	EndGlobalSection
	GlobalSection(ProjectConfigurationPlatforms) = postSolution
		{ED27759F-6DB6-44DE-BEB4-1A2C80F31B66}.Debug|Any CPU.ActiveCfg = Debug|Any CPU
		{ED27759F-6DB6-44DE-BEB4-1A2C80F31B66}.Debug|Any CPU.Build.0 = Debug|Any CPU
		{ED27759F-6DB6-44DE-BEB4-1A2C80F31B66}.Release|Any CPU.ActiveCfg = Release|Any CPU
		{ED27759F-6DB6-44DE-BEB4-1A2C80F31B66}.Release|Any CPU.Build.0 = Release|Any CPU
	EndGlobalSection
	GlobalSection(SolutionProperties) = preSolution
		HideSolutionNode = FALSE
	EndGlobalSection
	GlobalSection(ExtensibilityGlobals) = postSolution
		SolutionGuid = {F018DA60-B203-4A46-B8A3-E9F7B1C7A1AE}
	EndGlobalSection
EndGlobal
